# This file is automatically @generated by Cargo.
# It is not intended for manual editing.
version = 3

[[package]]
name = "aho-corasick"
version = "0.7.18"
source = "registry+https://github.com/rust-lang/crates.io-index"
checksum = "1e37cfd5e7657ada45f742d6e99ca5788580b5c529dc78faf11ece6dc702656f"
dependencies = [
 "memchr",
]

[[package]]
name = "alsa-sys"
version = "0.3.1"
source = "registry+https://github.com/rust-lang/crates.io-index"
checksum = "db8fee663d06c4e303404ef5f40488a53e062f89ba8bfed81f42325aafad1527"
dependencies = [
 "libc",
 "pkg-config",
]

[[package]]
name = "approx"
version = "0.5.0"
source = "registry+https://github.com/rust-lang/crates.io-index"
checksum = "072df7202e63b127ab55acfe16ce97013d5b97bf160489336d3f1840fd78e99e"
dependencies = [
 "num-traits",
]

[[package]]
name = "approx_eq"
version = "0.1.8"
source = "registry+https://github.com/rust-lang/crates.io-index"
checksum = "b3f9eb837c6a783fbf002e3e5cc7925a3aa6893d6d42f9169517528983777590"

[[package]]
name = "atomic_float"
version = "0.1.0"
source = "registry+https://github.com/rust-lang/crates.io-index"
checksum = "62af46d040ba9df09edc6528dae9d8e49f5f3e82f55b7d2ec31a733c38dbc49d"

[[package]]
name = "auto_impl"
version = "0.4.1"
source = "registry+https://github.com/rust-lang/crates.io-index"
checksum = "42cbf586c80ada5e5ccdecae80d3ef0854f224e2dd74435f8d87e6831b8d0a38"
dependencies = [
 "proc-macro-error",
 "proc-macro2",
 "quote",
 "syn",
]

[[package]]
name = "autocfg"
version = "1.0.1"
source = "registry+https://github.com/rust-lang/crates.io-index"
checksum = "cdb031dd78e28731d87d56cc8ffef4a8f36ca26c38fe2de700543e627f8a464a"

[[package]]
name = "automod"
version = "1.0.2"
source = "registry+https://github.com/rust-lang/crates.io-index"
checksum = "27989085bc1962f5d8ad5c2ab819a603b5096590c38a03162443d8a8bc307d0c"
dependencies = [
 "proc-macro2",
 "quote",
 "syn",
]

[[package]]
name = "bincode"
version = "1.3.3"
source = "registry+https://github.com/rust-lang/crates.io-index"
checksum = "b1f45e9417d87227c7a56d22e471c6206462cba514c7590c09aff4cf6d1ddcad"
dependencies = [
 "serde",
]

[[package]]
name = "bindgen"
version = "0.56.0"
source = "registry+https://github.com/rust-lang/crates.io-index"
checksum = "2da379dbebc0b76ef63ca68d8fc6e71c0f13e59432e0987e508c1820e6ab5239"
dependencies = [
 "bitflags 1.3.2",
 "cexpr",
 "clang-sys",
 "lazy_static 1.4.0",
 "lazycell",
 "peeking_take_while",
 "proc-macro2",
 "quote",
 "regex",
 "rustc-hash",
 "shlex",
]

[[package]]
name = "bitflags"
version = "0.3.3"
source = "registry+https://github.com/rust-lang/crates.io-index"
checksum = "32866f4d103c4e438b1db1158aa1b1a80ee078e5d77a59a2f906fd62a577389c"

[[package]]
name = "bitflags"
version = "1.3.2"
source = "registry+https://github.com/rust-lang/crates.io-index"
checksum = "bef38d45163c2f1dde094a7dfd33ccf595c92905c8f8f4fdc18d06fb1037718a"

[[package]]
name = "bytemuck"
version = "1.7.2"
source = "registry+https://github.com/rust-lang/crates.io-index"
checksum = "72957246c41db82b8ef88a5486143830adeb8227ef9837740bdec67724cf2c5b"

[[package]]
name = "byteorder"
version = "0.5.3"
source = "registry+https://github.com/rust-lang/crates.io-index"
checksum = "0fc10e8cc6b2580fda3f36eb6dc5316657f812a3df879a44a66fc9f0fdbc4855"

[[package]]
name = "byteorder"
version = "1.4.3"
source = "registry+https://github.com/rust-lang/crates.io-index"
checksum = "14c189c53d098945499cdfa7ecc63567cf3886b3332b312a5b4585d8d3a6a610"

[[package]]
name = "cc"
version = "1.0.71"
source = "registry+https://github.com/rust-lang/crates.io-index"
checksum = "79c2681d6594606957bbb8631c4b90a7fcaaa72cdb714743a437b156d6a7eedd"

[[package]]
name = "cexpr"
version = "0.4.0"
source = "registry+https://github.com/rust-lang/crates.io-index"
checksum = "f4aedb84272dbe89af497cf81375129abda4fc0a9e7c5d317498c15cc30c0d27"
dependencies = [
 "nom",
]

[[package]]
name = "cfg-if"
version = "1.0.0"
source = "registry+https://github.com/rust-lang/crates.io-index"
checksum = "baf1de4339761588bc0619e3cbc0120ee582ebb74b53b4efbf79117bd2da40fd"

[[package]]
name = "clang-sys"
version = "1.2.2"
source = "registry+https://github.com/rust-lang/crates.io-index"
checksum = "10612c0ec0e0a1ff0e97980647cb058a6e7aedb913d01d009c406b8b7d0b26ee"
dependencies = [
 "glob",
 "libc",
 "libloading 0.7.1",
]

[[package]]
name = "convert_case"
version = "0.4.0"
source = "registry+https://github.com/rust-lang/crates.io-index"
checksum = "6245d59a3e82a7fc217c5828a6692dbc6dfb63a0c8c90495621f7b9d79704a0e"

[[package]]
name = "coreaudio-rs"
version = "0.5.0"
source = "registry+https://github.com/rust-lang/crates.io-index"
checksum = "7f97dd1cb4381fc1d3a80f2c63ce965c4c936befe7051fd33289a2dc45914bda"
dependencies = [
 "bitflags 0.3.3",
 "coreaudio-sys 0.1.2",
 "libc",
]

[[package]]
name = "coreaudio-rs"
version = "0.10.0"
source = "registry+https://github.com/rust-lang/crates.io-index"
checksum = "11894b20ebfe1ff903cbdc52259693389eea03b94918a2def2c30c3bf227ad88"
dependencies = [
 "bitflags 1.3.2",
 "coreaudio-sys 0.2.8",
]

[[package]]
name = "coreaudio-sys"
version = "0.1.2"
source = "registry+https://github.com/rust-lang/crates.io-index"
checksum = "31231897622a4cd14cb211af6f26d6fcf0c78078fa60c586ce9db8f0b581cd44"
dependencies = [
 "libc",
]

[[package]]
name = "coreaudio-sys"
version = "0.2.8"
source = "registry+https://github.com/rust-lang/crates.io-index"
checksum = "2b7e3347be6a09b46aba228d6608386739fb70beff4f61e07422da87b0bb31fa"
dependencies = [
 "bindgen",
]

[[package]]
name = "cpal"
version = "0.2.12"
source = "registry+https://github.com/rust-lang/crates.io-index"
checksum = "989df64d59c65f18776046436c3e50964699ec789e76b1af04f6fc32b6a2b713"
dependencies = [
 "alsa-sys",
 "coreaudio-rs 0.5.0",
 "lazy_static 0.2.11",
 "libc",
 "ole32-sys",
 "winapi 0.2.8",
]

[[package]]
name = "derivative"
version = "2.2.0"
source = "registry+https://github.com/rust-lang/crates.io-index"
checksum = "fcc3dd5e9e9c0b295d6e1e4d811fb6f157d5ffd784b8d202fc62eac8035a770b"
dependencies = [
 "proc-macro2",
 "quote",
 "syn",
]

[[package]]
name = "derive_more"
version = "0.99.16"
source = "registry+https://github.com/rust-lang/crates.io-index"
checksum = "40eebddd2156ce1bb37b20bbe5151340a31828b1f2d22ba4141f3531710e38df"
dependencies = [
 "convert_case",
 "proc-macro2",
 "quote",
 "rustc_version",
 "syn",
]

[[package]]
name = "dirs"
version = "4.0.0"
source = "registry+https://github.com/rust-lang/crates.io-index"
checksum = "ca3aa72a6f96ea37bbc5aa912f6788242832f75369bdfdadcb0e38423f100059"
dependencies = [
 "dirs-sys",
]

[[package]]
name = "dirs-sys"
version = "0.3.6"
source = "registry+https://github.com/rust-lang/crates.io-index"
checksum = "03d86534ed367a67548dc68113a0f5db55432fdfbb6e6f9d77704397d95d5780"
dependencies = [
 "libc",
 "redox_users",
 "winapi 0.3.9",
]

[[package]]
name = "downcast-rs"
version = "1.2.0"
source = "registry+https://github.com/rust-lang/crates.io-index"
checksum = "9ea835d29036a4087793836fa931b08837ad5e957da9e23886b29586fb9b6650"

[[package]]
name = "enhanced_enum"
version = "0.2.2"
source = "registry+https://github.com/rust-lang/crates.io-index"
checksum = "ffbf826285bb0276d96a3e7aa712ef9e2ac4dff3f4e72d5fdff336b82c180cd2"
dependencies = [
 "paste",
]

[[package]]
name = "enum_dispatch"
version = "0.3.7"
source = "registry+https://github.com/rust-lang/crates.io-index"
checksum = "bd53b3fde38a39a06b2e66dc282f3e86191e53bd04cc499929c15742beae3df8"
dependencies = [
 "once_cell",
 "proc-macro2",
 "quote",
 "syn",
]

[[package]]
name = "float-cmp"
version = "0.9.0"
source = "registry+https://github.com/rust-lang/crates.io-index"
checksum = "98de4bbd547a563b716d8dfa9aad1cb19bfab00f4fa09a6a4ed21dbcf44ce9c4"
dependencies = [
 "num-traits",
]

[[package]]
name = "float-ord"
version = "0.3.2"
source = "registry+https://github.com/rust-lang/crates.io-index"
checksum = "8ce81f49ae8a0482e4c55ea62ebbd7e5a686af544c00b9d090bba3ff9be97b3d"

[[package]]
name = "fnv"
version = "1.0.7"
source = "registry+https://github.com/rust-lang/crates.io-index"
checksum = "3f9eec918d3f24069decb9af1554cad7c880e2da24a9afd88aca000531ab82c1"

[[package]]
name = "getrandom"
version = "0.2.3"
source = "registry+https://github.com/rust-lang/crates.io-index"
checksum = "7fcd999463524c52659517fe2cea98493cfe485d10565e7b0fb07dbba7ad2753"
dependencies = [
 "cfg-if",
 "libc",
 "wasi",
]

[[package]]
name = "getset"
version = "0.1.1"
source = "registry+https://github.com/rust-lang/crates.io-index"
checksum = "24b328c01a4d71d2d8173daa93562a73ab0fe85616876f02500f53d82948c504"
dependencies = [
 "proc-macro-error",
 "proc-macro2",
 "quote",
 "syn",
]

[[package]]
name = "glob"
version = "0.3.0"
source = "registry+https://github.com/rust-lang/crates.io-index"
checksum = "9b919933a397b79c37e33b77bb2aa3dc8eb6e165ad809e58ff75bc7db2e34574"

[[package]]
name = "half"
version = "1.8.2"
source = "registry+https://github.com/rust-lang/crates.io-index"
checksum = "eabb4a44450da02c90444cf74558da904edde8fb4e9035a9a6a4e15445af0bd7"

[[package]]
name = "indoc"
version = "1.0.3"
source = "registry+https://github.com/rust-lang/crates.io-index"
checksum = "e5a75aeaaef0ce18b58056d306c27b07436fbb34b8816c53094b76dd81803136"
dependencies = [
 "unindent",
]

[[package]]
name = "instant"
version = "0.1.12"
source = "registry+https://github.com/rust-lang/crates.io-index"
checksum = "7a5bbe824c507c5da5956355e86a746d82e0e1464f65d862cc5e71da70e94b2c"
dependencies = [
 "cfg-if",
]

[[package]]
name = "jack"
version = "0.7.2"
source = "registry+https://github.com/rust-lang/crates.io-index"
checksum = "39722b9795ae57c6967da99b1ab009fe72897fcbc59be59508c7c520327d9e34"
dependencies = [
 "bitflags 1.3.2",
 "jack-sys",
 "lazy_static 1.4.0",
 "libc",
]

[[package]]
name = "jack-sys"
version = "0.2.2"
source = "registry+https://github.com/rust-lang/crates.io-index"
checksum = "57983f0d72dfecf2b719ed39bc9cacd85194e1a94cb3f9146009eff9856fef41"
dependencies = [
 "lazy_static 1.4.0",
 "libc",
 "libloading 0.6.7",
]

[[package]]
name = "lazy_static"
version = "0.2.11"
source = "registry+https://github.com/rust-lang/crates.io-index"
checksum = "76f033c7ad61445c5b347c7382dd1237847eb1bce590fe50365dcb33d546be73"

[[package]]
name = "lazy_static"
version = "1.4.0"
source = "registry+https://github.com/rust-lang/crates.io-index"
checksum = "e2abad23fbc42b3700f2f279844dc832adb2b2eb069b2df918f455c4e18cc646"

[[package]]
name = "lazycell"
version = "1.3.0"
source = "registry+https://github.com/rust-lang/crates.io-index"
checksum = "830d08ce1d1d941e6b30645f1a0eb5643013d835ce3779a5fc208261dbe10f55"

[[package]]
name = "libc"
version = "0.2.105"
source = "registry+https://github.com/rust-lang/crates.io-index"
checksum = "869d572136620d55835903746bcb5cdc54cb2851fd0aeec53220b4bb65ef3013"

[[package]]
name = "libloading"
version = "0.5.2"
source = "registry+https://github.com/rust-lang/crates.io-index"
checksum = "f2b111a074963af1d37a139918ac6d49ad1d0d5e47f72fd55388619691a7d753"
dependencies = [
 "cc",
 "winapi 0.3.9",
]

[[package]]
name = "libloading"
version = "0.6.7"
source = "registry+https://github.com/rust-lang/crates.io-index"
checksum = "351a32417a12d5f7e82c368a66781e307834dae04c6ce0cd4456d52989229883"
dependencies = [
 "cfg-if",
 "winapi 0.3.9",
]

[[package]]
name = "libloading"
version = "0.7.1"
source = "registry+https://github.com/rust-lang/crates.io-index"
checksum = "c0cf036d15402bea3c5d4de17b3fce76b3e4a56ebc1f577be0e7a72f7c607cf0"
dependencies = [
 "cfg-if",
 "winapi 0.3.9",
]

[[package]]
name = "libxml"
version = "0.3.0"
source = "registry+https://github.com/rust-lang/crates.io-index"
checksum = "02c07ecb409949e5c5c0818e189e6bc766bcb8b08b3401772ca8c61a58c682b8"
dependencies = [
 "libc",
 "pkg-config",
 "vcpkg",
]

[[package]]
name = "lock_api"
version = "0.4.5"
source = "registry+https://github.com/rust-lang/crates.io-index"
checksum = "712a4d093c9976e24e7dbca41db895dabcbac38eb5f4045393d17a95bdfb1109"
dependencies = [
 "scopeguard",
]

[[package]]
name = "lockfree"
version = "0.5.1"
source = "registry+https://github.com/rust-lang/crates.io-index"
checksum = "74ee94b5ad113c7cb98c5a040f783d0952ee4fe100993881d1673c2cb002dd23"
dependencies = [
 "owned-alloc",
]

[[package]]
name = "log"
version = "0.4.14"
source = "registry+https://github.com/rust-lang/crates.io-index"
checksum = "51b9bbe6c47d51fc3e1a9b945965946b4c44142ab8792c50835a980d362c2710"
dependencies = [
 "cfg-if",
]

[[package]]
name = "matrixmultiply"
version = "0.3.1"
source = "registry+https://github.com/rust-lang/crates.io-index"
checksum = "5a8a15b776d9dfaecd44b03c5828c2199cddff5247215858aac14624f8d6b741"
dependencies = [
 "rawpointer",
]

[[package]]
name = "memchr"
version = "2.4.1"
source = "registry+https://github.com/rust-lang/crates.io-index"
checksum = "308cc39be01b73d0d18f82a0e7b2a3df85245f84af96fdddc5d202d27e47b86a"

[[package]]
name = "mopa"
version = "0.2.2"
source = "registry+https://github.com/rust-lang/crates.io-index"
checksum = "a785740271256c230f57462d3b83e52f998433a7062fc18f96d5999474a9f915"

[[package]]
name = "ndarray"
version = "0.15.3"
source = "registry+https://github.com/rust-lang/crates.io-index"
checksum = "08e854964160a323e65baa19a0b1a027f76d590faba01f05c0cbc3187221a8c9"
dependencies = [
 "matrixmultiply",
 "num-complex",
 "num-integer",
 "num-traits",
 "rawpointer",
]

[[package]]
name = "nom"
version = "5.1.2"
source = "registry+https://github.com/rust-lang/crates.io-index"
checksum = "ffb4262d26ed83a1c0a33a38fe2bb15797329c85770da05e6b828ddb782627af"
dependencies = [
 "memchr",
 "version_check",
]

[[package]]
name = "num"
version = "0.4.0"
source = "registry+https://github.com/rust-lang/crates.io-index"
checksum = "43db66d1170d347f9a065114077f7dccb00c1b9478c89384490a3425279a4606"
dependencies = [
 "num-bigint",
 "num-complex",
 "num-integer",
 "num-iter",
 "num-rational",
 "num-traits",
]

[[package]]
name = "num-bigint"
version = "0.4.2"
source = "registry+https://github.com/rust-lang/crates.io-index"
checksum = "74e768dff5fb39a41b3bcd30bb25cf989706c90d028d1ad71971987aa309d535"
dependencies = [
 "autocfg",
 "num-integer",
 "num-traits",
]

[[package]]
name = "num-complex"
version = "0.4.0"
source = "registry+https://github.com/rust-lang/crates.io-index"
checksum = "26873667bbbb7c5182d4a37c1add32cdf09f841af72da53318fdb81543c15085"
dependencies = [
 "num-traits",
]

[[package]]
name = "num-integer"
version = "0.1.44"
source = "registry+https://github.com/rust-lang/crates.io-index"
checksum = "d2cc698a63b549a70bc047073d2949cce27cd1c7b0a4a862d08a8031bc2801db"
dependencies = [
 "autocfg",
 "num-traits",
]

[[package]]
name = "num-iter"
version = "0.1.42"
source = "registry+https://github.com/rust-lang/crates.io-index"
checksum = "b2021c8337a54d21aca0d59a92577a029af9431cb59b909b03252b9c164fad59"
dependencies = [
 "autocfg",
 "num-integer",
 "num-traits",
]

[[package]]
name = "num-rational"
version = "0.4.0"
source = "registry+https://github.com/rust-lang/crates.io-index"
checksum = "d41702bd167c2df5520b384281bc111a4b5efcf7fbc4c9c222c815b07e0a6a6a"
dependencies = [
 "autocfg",
 "num-bigint",
 "num-integer",
 "num-traits",
]

[[package]]
name = "num-traits"
version = "0.2.14"
source = "registry+https://github.com/rust-lang/crates.io-index"
checksum = "9a64b1ec5cda2586e284722486d802acf1f7dbdc623e2bfc57e65ca1cd099290"
dependencies = [
 "autocfg",
]

[[package]]
name = "ole32-sys"
version = "0.2.0"
source = "registry+https://github.com/rust-lang/crates.io-index"
checksum = "5d2c49021782e5233cd243168edfa8037574afed4eba4bbaf538b3d8d1789d8c"
dependencies = [
 "winapi 0.2.8",
 "winapi-build",
]

[[package]]
name = "once_cell"
version = "1.8.0"
source = "registry+https://github.com/rust-lang/crates.io-index"
checksum = "692fcb63b64b1758029e0a96ee63e049ce8c5948587f2f7208df04625e5f6b56"

[[package]]
name = "owned-alloc"
version = "0.2.0"
source = "registry+https://github.com/rust-lang/crates.io-index"
checksum = "30fceb411f9a12ff9222c5f824026be368ff15dc2f13468d850c7d3f502205d6"

[[package]]
name = "parking_lot"
version = "0.11.2"
source = "registry+https://github.com/rust-lang/crates.io-index"
checksum = "7d17b78036a60663b797adeaee46f5c9dfebb86948d1255007a1d6be0271ff99"
dependencies = [
 "instant",
 "lock_api",
 "parking_lot_core",
]

[[package]]
name = "parking_lot_core"
version = "0.8.5"
source = "registry+https://github.com/rust-lang/crates.io-index"
checksum = "d76e8e1493bcac0d2766c42737f34458f1c8c50c0d23bcb24ea953affb273216"
dependencies = [
 "cfg-if",
 "instant",
 "libc",
 "redox_syscall",
 "smallvec",
 "winapi 0.3.9",
]

[[package]]
name = "paste"
version = "1.0.5"
source = "registry+https://github.com/rust-lang/crates.io-index"
checksum = "acbf547ad0c65e31259204bd90935776d1c693cec2f4ff7abb7a1bbbd40dfe58"

[[package]]
name = "peeking_take_while"
version = "0.1.2"
source = "registry+https://github.com/rust-lang/crates.io-index"
checksum = "19b17cddbe7ec3f8bc800887bab5e717348c95ea2ca0b1bf0837fb964dc67099"

[[package]]
name = "pest"
version = "2.1.3"
source = "registry+https://github.com/rust-lang/crates.io-index"
checksum = "10f4872ae94d7b90ae48754df22fd42ad52ce740b8f370b03da4835417403e53"
dependencies = [
 "ucd-trie",
]

[[package]]
name = "pkg-config"
version = "0.3.22"
source = "registry+https://github.com/rust-lang/crates.io-index"
checksum = "12295df4f294471248581bc09bef3c38a5e46f1e36d6a37353621a0c6c357e1f"

[[package]]
name = "ppv-lite86"
version = "0.2.15"
source = "registry+https://github.com/rust-lang/crates.io-index"
checksum = "ed0cfbc8191465bed66e1718596ee0b0b35d5ee1f41c5df2189d0fe8bde535ba"

[[package]]
name = "proc-macro-error"
version = "1.0.4"
source = "registry+https://github.com/rust-lang/crates.io-index"
checksum = "da25490ff9892aab3fcf7c36f08cfb902dd3e71ca0f9f9517bea02a73a5ce38c"
dependencies = [
 "proc-macro-error-attr",
 "proc-macro2",
 "quote",
 "syn",
 "version_check",
]

[[package]]
name = "proc-macro-error-attr"
version = "1.0.4"
source = "registry+https://github.com/rust-lang/crates.io-index"
checksum = "a1be40180e52ecc98ad80b184934baf3d0d29f979574e439af5a55274b35f869"
dependencies = [
 "proc-macro2",
 "quote",
 "version_check",
]

[[package]]
name = "proc-macro2"
version = "1.0.30"
source = "registry+https://github.com/rust-lang/crates.io-index"
checksum = "edc3358ebc67bc8b7fa0c007f945b0b18226f78437d61bec735a9eb96b61ee70"
dependencies = [
 "unicode-xid",
]

[[package]]
name = "prometheus"
version = "0.13.0"
source = "registry+https://github.com/rust-lang/crates.io-index"
checksum = "b7f64969ffd5dd8f39bd57a68ac53c163a095ed9d0fb707146da1b27025a3504"
dependencies = [
 "cfg-if",
 "fnv",
 "lazy_static 1.4.0",
 "memchr",
 "parking_lot",
 "protobuf",
 "thiserror",
]

[[package]]
name = "protobuf"
version = "2.25.2"
source = "registry+https://github.com/rust-lang/crates.io-index"
checksum = "47c327e191621a2158159df97cdbc2e7074bb4e940275e35abf38eb3d2595754"

[[package]]
name = "quote"
version = "1.0.10"
source = "registry+https://github.com/rust-lang/crates.io-index"
checksum = "38bc8cc6a5f2e3655e0899c1b848643b2562f853f114bfec7be120678e3ace05"
dependencies = [
 "proc-macro2",
]

[[package]]
name = "rand"
version = "0.8.4"
source = "registry+https://github.com/rust-lang/crates.io-index"
checksum = "2e7573632e6454cf6b99d7aac4ccca54be06da05aca2ef7423d22d27d4d4bcd8"
dependencies = [
 "libc",
 "rand_chacha",
 "rand_core",
 "rand_hc",
]

[[package]]
name = "rand_chacha"
version = "0.3.1"
source = "registry+https://github.com/rust-lang/crates.io-index"
checksum = "e6c10a63a0fa32252be49d21e7709d4d4baf8d231c2dbce1eaa8141b9b127d88"
dependencies = [
 "ppv-lite86",
 "rand_core",
]

[[package]]
name = "rand_core"
version = "0.6.3"
source = "registry+https://github.com/rust-lang/crates.io-index"
checksum = "d34f1408f55294453790c48b2f1ebbb1c5b4b7563eb1f418bcfcfdbb06ebb4e7"
dependencies = [
 "getrandom",
]

[[package]]
name = "rand_hc"
version = "0.3.1"
source = "registry+https://github.com/rust-lang/crates.io-index"
checksum = "d51e9f596de227fda2ea6c84607f5558e196eeaf43c986b724ba4fb8fdf497e7"
dependencies = [
 "rand_core",
]

[[package]]
name = "rawpointer"
version = "0.2.1"
source = "registry+https://github.com/rust-lang/crates.io-index"
checksum = "60a357793950651c4ed0f3f52338f53b2f809f32d83a07f72909fa13e4c6c1e3"

[[package]]
name = "redox_syscall"
version = "0.2.10"
source = "registry+https://github.com/rust-lang/crates.io-index"
checksum = "8383f39639269cde97d255a32bdb68c047337295414940c68bdd30c2e13203ff"
dependencies = [
 "bitflags 1.3.2",
]

[[package]]
name = "redox_users"
version = "0.4.0"
source = "registry+https://github.com/rust-lang/crates.io-index"
checksum = "528532f3d801c87aec9def2add9ca802fe569e44a544afe633765267840abe64"
dependencies = [
 "getrandom",
 "redox_syscall",
]

[[package]]
name = "regex"
version = "1.5.4"
source = "registry+https://github.com/rust-lang/crates.io-index"
checksum = "d07a8629359eb56f1e2fb1652bb04212c072a87ba68546a04065d525673ac461"
dependencies = [
 "aho-corasick",
 "memchr",
 "regex-syntax",
]

[[package]]
name = "regex-syntax"
version = "0.6.25"
source = "registry+https://github.com/rust-lang/crates.io-index"
checksum = "f497285884f3fcff424ffc933e56d7cbca511def0c9831a7f9b5f6153e3cc89b"

[[package]]
name = "riff-wave"
version = "0.1.2"
source = "registry+https://github.com/rust-lang/crates.io-index"
checksum = "7a1d3fc187d0d7e2a44e1a7b4c69b085cee243a80a220945059924a5cff54c43"
dependencies = [
 "byteorder 0.5.3",
]

[[package]]
name = "rustc-hash"
version = "1.1.0"
source = "registry+https://github.com/rust-lang/crates.io-index"
checksum = "08d43f7aa6b08d49f382cde6a7982047c3426db949b1424bc4b7ec9ae12c6ce2"

[[package]]
name = "rustc_version"
version = "0.3.3"
source = "registry+https://github.com/rust-lang/crates.io-index"
checksum = "f0dfe2087c51c460008730de8b57e6a320782fbfb312e1f4d520e6c6fae155ee"
dependencies = [
 "semver",
]

[[package]]
name = "scopeguard"
version = "1.1.0"
source = "registry+https://github.com/rust-lang/crates.io-index"
checksum = "d29ab0c6d3fc0ee92fe66e2d99f700eab17a8d57d1c1d3b748380fb20baa78cd"

[[package]]
name = "semver"
version = "0.11.0"
source = "registry+https://github.com/rust-lang/crates.io-index"
checksum = "f301af10236f6df4160f7c3f04eec6dbc70ace82d23326abad5edee88801c6b6"
dependencies = [
 "semver-parser",
]

[[package]]
name = "semver-parser"
version = "0.10.2"
source = "registry+https://github.com/rust-lang/crates.io-index"
checksum = "00b0bef5b7f9e0df16536d3961cfb6e84331c065b4066afb39768d0e319411f7"
dependencies = [
 "pest",
]

[[package]]
name = "serde"
version = "1.0.130"
source = "registry+https://github.com/rust-lang/crates.io-index"
checksum = "f12d06de37cf59146fbdecab66aa99f9fe4f78722e3607577a5375d66bd0c913"
dependencies = [
 "serde_derive",
]

[[package]]
name = "serde_derive"
version = "1.0.130"
source = "registry+https://github.com/rust-lang/crates.io-index"
checksum = "d7bc1a1ab1961464eae040d96713baa5a724a8152c1222492465b54322ec508b"
dependencies = [
 "proc-macro2",
 "quote",
 "syn",
]

[[package]]
name = "shlex"
version = "0.1.1"
source = "registry+https://github.com/rust-lang/crates.io-index"
checksum = "7fdf1b9db47230893d76faad238fd6097fd6d6a9245cd7a4d90dbd639536bbd2"

[[package]]
name = "smallvec"
version = "1.7.0"
source = "registry+https://github.com/rust-lang/crates.io-index"
checksum = "1ecab6c735a6bb4139c0caafd0cc3635748bbb3acf4550e8138122099251f309"

[[package]]
name = "surge-adsr"
version = "0.1.2-alpha.0"
dependencies = [
 "enhanced_enum",
 "float-ord",
 "paste",
 "surge-constants",
 "surge-macros",
 "surge-math",
 "surge-param",
 "surge-samplerate",
 "surge-tables",
 "surge-timeunit",
 "surge-traits",
 "surge-types",
]

[[package]]
name = "surge-biquad"
version = "0.1.2-alpha.0"
dependencies = [
 "float-ord",
 "num",
 "surge-constants",
 "surge-lag",
 "surge-math",
 "surge-samplerate",
 "surge-tables",
 "surge-traits",
 "surge-tuning",
]

[[package]]
name = "surge-blitter"
version = "0.1.2-alpha.0"
dependencies = [
 "ndarray",
 "surge-constants",
 "surge-math",
 "surge-samplerate",
]

[[package]]
name = "surge-coeffmaker"
version = "0.1.2-alpha.0"
dependencies = [
 "enhanced_enum",
 "float-ord",
 "surge-constants",
 "surge-filter",
 "surge-math",
 "surge-samplerate",
 "surge-tables",
 "surge-traits",
 "surge-tuning",
 "surge-types",
]

[[package]]
name = "surge-constants"
version = "0.1.2-alpha.0"

[[package]]
name = "surge-filter"
version = "0.1.2-alpha.0"
dependencies = [
 "enhanced_enum",
 "paste",
 "surge-constants",
 "surge-macros",
 "surge-param",
 "surge-qfunit",
]

[[package]]
name = "surge-halfrate"
version = "0.1.2-alpha.0"
dependencies = [
 "ndarray",
 "surge-constants",
 "surge-math",
 "surge-traits",
]

[[package]]
name = "surge-hound"
version = "0.1.8-alpha.0"
dependencies = [
 "cpal",
]

[[package]]
name = "surge-input"
version = "0.1.2-alpha.0"
dependencies = [
 "ndarray",
 "surge-constants",
 "surge-math",
 "surge-traits",
]

[[package]]
name = "surge-lag"
version = "0.1.2-alpha.0"
dependencies = [
 "num-traits",
 "surge-math",
]

[[package]]
name = "surge-lfo"
version = "0.1.2-alpha.0"
dependencies = [
 "enhanced_enum",
 "float-ord",
 "paste",
 "surge-constants",
 "surge-macros",
 "surge-math",
 "surge-param",
 "surge-quadrosc",
 "surge-samplerate",
 "surge-tables",
 "surge-timeunit",
 "surge-traits",
 "surge-types",
]

[[package]]
name = "surge-lipol"
version = "0.1.2-alpha.0"
dependencies = [
 "num-traits",
 "surge-constants",
 "surge-math",
]

[[package]]
name = "surge-macros"
version = "0.1.2-alpha.0"

[[package]]
name = "surge-math"
version = "0.1.2-alpha.0"
dependencies = [
 "approx",
 "approx_eq",
 "atomic_float",
 "bincode",
 "bitflags 1.3.2",
 "byteorder 1.4.3",
 "derive_more",
 "enhanced_enum",
 "float-cmp",
 "float-ord",
 "getset",
 "half",
 "lazy_static 1.4.0",
 "libc",
 "ndarray",
 "num",
 "num-complex",
 "num-traits",
 "paste",
 "rand",
]

[[package]]
name = "surge-midi"
version = "0.1.2-alpha.0"
dependencies = [
 "surge-constants",
 "surge-macros",
 "surge-quadrosc",
 "surge-types",
]

[[package]]
name = "surge-modulation"
version = "0.1.2-alpha.0"
dependencies = [
 "enhanced_enum",
 "prometheus",
 "surge-adsr",
 "surge-constants",
 "surge-lfo",
 "surge-macros",
 "surge-param",
 "surge-samplerate",
 "surge-traits",
 "surge-types",
]

[[package]]
name = "surge-mpe"
version = "0.1.2-alpha.0"
dependencies = [
 "surge-constants",
 "surge-traits",
 "surge-types",
]

[[package]]
name = "surge-output"
version = "0.1.2-alpha.0"
dependencies = [
 "ndarray",
 "surge-constants",
 "surge-macros",
 "surge-math",
]

[[package]]
name = "surge-param"
version = "0.1.2-alpha.0"
dependencies = [
 "bitflags 1.3.2",
 "enhanced_enum",
 "surge-constants",
 "surge-math",
]

[[package]]
name = "surge-qfunit"
version = "0.1.2-alpha.0"
dependencies = [
 "enhanced_enum",
 "surge-constants",
 "surge-math",
 "surge-param",
 "surge-tables",
 "surge-traits",
 "surge-types",
]

[[package]]
name = "surge-quadrosc"
version = "0.1.2-alpha.0"

[[package]]
name = "surge-samplerate"
version = "0.1.2-alpha.0"
dependencies = [
 "atomic_float",
 "surge-constants",
]

[[package]]
name = "surge-scene"
version = "0.1.8-alpha.0"
dependencies = [
 "enhanced_enum",
 "enum_dispatch",
 "paste",
 "regex",
 "serde",
 "surge-adsr",
 "surge-biquad",
 "surge-coeffmaker",
 "surge-constants",
 "surge-filter",
 "surge-halfrate",
 "surge-input",
 "surge-lfo",
 "surge-lipol",
 "surge-macros",
 "surge-math",
 "surge-midi",
 "surge-modulation",
 "surge-mpe",
 "surge-param",
 "surge-qfunit",
 "surge-samplerate",
 "surge-tables",
 "surge-timeunit",
 "surge-traits",
 "surge-tuning",
 "surge-types",
 "surge-voice",
 "surgefx",
 "surgeosc-audioin",
 "surgeosc-fm",
 "surgeosc-fm2",
 "surgeosc-sine",
 "surgeosc-snh",
 "surgeosc-super",
 "surgeosc-wavetable",
 "surgeosc-window",
 "uuid",
]

[[package]]
name = "surge-svf"
version = "0.1.2-alpha.0"
dependencies = [
 "surge-constants",
 "surge-math",
 "surge-traits",
]

[[package]]
name = "surge-synthesizer"
version = "0.1.8-alpha.0"
dependencies = [
 "approx",
 "atomic_float",
 "automod",
 "bincode",
 "bitflags 1.3.2",
 "bytemuck",
 "byteorder 1.4.3",
 "coreaudio-rs 0.10.0",
 "derive_more",
 "dirs",
 "downcast-rs",
 "enhanced_enum",
 "enum_dispatch",
 "float-cmp",
 "float-ord",
 "getset",
 "half",
 "indoc",
 "jack",
 "lazy_static 1.4.0",
 "libc",
 "libxml",
 "lockfree",
 "mopa",
 "ndarray",
 "num",
 "num-complex",
 "num-traits",
 "paste",
 "prometheus",
 "rand",
 "regex",
 "riff-wave",
 "serde",
 "surge-adsr",
 "surge-biquad",
 "surge-blitter",
 "surge-coeffmaker",
 "surge-constants",
 "surge-filter",
 "surge-halfrate",
 "surge-input",
 "surge-lag",
 "surge-lfo",
 "surge-lipol",
 "surge-macros",
 "surge-math",
 "surge-midi",
 "surge-modulation",
 "surge-mpe",
 "surge-output",
 "surge-param",
 "surge-qfunit",
 "surge-quadrosc",
 "surge-samplerate",
 "surge-scene",
 "surge-svf",
 "surge-tables",
 "surge-timeunit",
 "surge-traits",
 "surge-tuning",
 "surge-types",
 "surge-wavetable",
 "surgefilter-comb",
 "surgefilter-diode",
 "surgefilter-huovilainen",
 "surgefilter-iir",
 "surgefilter-k35",
 "surgefilter-moog",
 "surgefilter-nlfeedback",
 "surgefilter-nlstates",
 "surgefilter-obxd",
 "surgefilter-rungekutta",
 "surgefilter-snh",
 "surgefilter-svf",
 "surgefx",
 "surgefx-allpass",
 "surgefx-chorus",
 "surgefx-conditioner",
 "surgefx-distortion",
 "surgefx-dualdelay",
 "surgefx-emphasize",
 "surgefx-eq3band",
 "surgefx-flanger",
 "surgefx-freqshift",
 "surgefx-phaser",
 "surgefx-reverb",
 "surgefx-ringmod",
 "surgefx-rotary",
 "surgefx-vocoder",
 "surgeosc-audioin",
 "surgeosc-fm",
 "surgeosc-fm2",
 "surgeosc-sine",
 "surgeosc-snh",
 "surgeosc-super",
 "surgeosc-wavetable",
 "surgeosc-window",
 "surgeshaper-asym",
 "surgeshaper-clip",
 "surgeshaper-digi",
 "surgeshaper-sine",
 "surgeshaper-tanh",
 "vst",
 "xml-rs",
]

[[package]]
name = "surge-tables"
version = "0.1.2-alpha.0"
dependencies = [
 "float-ord",
 "surge-constants",
 "surge-math",
 "surge-samplerate",
 "surge-traits",
 "surge-types",
]

[[package]]
name = "surge-timeunit"
version = "0.1.2-alpha.0"
dependencies = [
 "surge-constants",
 "surge-samplerate",
 "surge-traits",
]

[[package]]
name = "surge-traits"
version = "0.1.2-alpha.0"
dependencies = [
 "enhanced_enum",
 "enum_dispatch",
 "surge-types",
]

[[package]]
name = "surge-tuning"
version = "0.1.2-alpha.0"
dependencies = [
 "enhanced_enum",
 "float-ord",
 "getset",
 "indoc",
 "num-traits",
 "surge-constants",
 "surge-math",
 "surge-samplerate",
 "surge-traits",
 "surge-types",
]

[[package]]
name = "surge-types"
version = "0.1.2-alpha.0"
dependencies = [
 "enhanced_enum",
 "paste",
 "serde",
 "surge-constants",
 "surge-macros",
 "surge-math",
 "surge-param",
]

[[package]]
name = "surge-voice"
version = "0.1.8-alpha.0"
dependencies = [
 "auto_impl",
 "enhanced_enum",
 "paste",
 "regex",
 "serde",
 "surge-adsr",
 "surge-biquad",
 "surge-coeffmaker",
 "surge-constants",
 "surge-filter",
 "surge-halfrate",
 "surge-input",
 "surge-lfo",
 "surge-lipol",
 "surge-macros",
 "surge-math",
 "surge-midi",
 "surge-modulation",
 "surge-mpe",
 "surge-param",
 "surge-qfunit",
 "surge-samplerate",
 "surge-tables",
 "surge-timeunit",
 "surge-traits",
 "surge-tuning",
 "surge-types",
 "surgeosc-audioin",
 "surgeosc-fm",
 "surgeosc-fm2",
 "surgeosc-sine",
 "surgeosc-snh",
 "surgeosc-super",
 "surgeosc-wavetable",
 "surgeosc-window",
 "uuid",
]

[[package]]
name = "surge-wavetable"
version = "0.1.8-alpha.0"
dependencies = [
 "bitflags 1.3.2",
 "enhanced_enum",
 "enum_dispatch",
 "libc",
 "num-traits",
 "surge-constants",
 "surge-hound",
 "surge-math",
 "surge-traits",
 "surge-types",
]

[[package]]
name = "surgefilter-comb"
version = "0.1.2-alpha.0"
dependencies = [
 "surge-coeffmaker",
 "surge-constants",
 "surge-filter",
 "surge-math",
 "surge-qfunit",
 "surge-samplerate",
 "surge-tuning",
 "surge-types",
]

[[package]]
name = "surgefilter-diode"
version = "0.1.2-alpha.0"
dependencies = [
 "enhanced_enum",
 "surge-coeffmaker",
 "surge-constants",
 "surge-filter",
 "surge-math",
 "surge-qfunit",
 "surge-samplerate",
 "surge-tuning",
 "surge-types",
]

[[package]]
name = "surgefilter-huovilainen"
version = "0.1.2-alpha.0"
dependencies = [
 "derivative",
 "enhanced_enum",
 "float-ord",
 "surge-coeffmaker",
 "surge-constants",
 "surge-filter",
 "surge-math",
 "surge-qfunit",
 "surge-samplerate",
 "surge-tables",
 "surge-tuning",
 "surge-types",
]

[[package]]
name = "surgefilter-iir"
version = "0.1.2-alpha.0"
dependencies = [
 "derivative",
 "enhanced_enum",
 "float-ord",
 "surge-coeffmaker",
 "surge-constants",
 "surge-filter",
 "surge-math",
 "surge-qfunit",
 "surge-samplerate",
 "surge-tables",
 "surge-tuning",
 "surge-types",
]

[[package]]
name = "surgefilter-k35"
version = "0.1.2-alpha.0"
dependencies = [
 "enhanced_enum",
 "float-ord",
 "surge-coeffmaker",
 "surge-constants",
 "surge-filter",
 "surge-math",
 "surge-qfunit",
 "surge-samplerate",
 "surge-tuning",
 "surge-types",
]

[[package]]
name = "surgefilter-moog"
version = "0.1.2-alpha.0"
dependencies = [
 "enhanced_enum",
 "float-ord",
 "surge-constants",
 "surge-filter",
 "surge-math",
 "surge-qfunit",
 "surge-samplerate",
 "surge-tuning",
 "surge-types",
]

[[package]]
name = "surgefilter-nlfeedback"
version = "0.1.2-alpha.0"
dependencies = [
 "enhanced_enum",
 "float-ord",
 "surge-constants",
 "surge-filter",
 "surge-math",
 "surge-qfunit",
 "surge-samplerate",
 "surge-tuning",
 "surge-types",
]

[[package]]
name = "surgefilter-nlstates"
version = "0.1.2-alpha.0"
dependencies = [
 "derivative",
 "enhanced_enum",
 "float-ord",
 "surge-constants",
 "surge-filter",
 "surge-math",
 "surge-qfunit",
 "surge-samplerate",
 "surge-tuning",
 "surge-types",
]

[[package]]
name = "surgefilter-obxd"
version = "0.1.2-alpha.0"
dependencies = [
 "derivative",
 "enhanced_enum",
 "float-ord",
 "surge-constants",
 "surge-filter",
 "surge-math",
 "surge-qfunit",
 "surge-samplerate",
 "surge-tuning",
 "surge-types",
]

[[package]]
name = "surgefilter-rungekutta"
version = "0.1.2-alpha.0"
dependencies = [
 "derivative",
 "enhanced_enum",
 "float-ord",
 "surge-coeffmaker",
 "surge-constants",
 "surge-filter",
 "surge-macros",
 "surge-math",
 "surge-qfunit",
 "surge-samplerate",
 "surge-tables",
 "surge-tuning",
 "surge-types",
]

[[package]]
name = "surgefilter-snh"
version = "0.1.2-alpha.0"
dependencies = [
 "derivative",
 "enhanced_enum",
 "float-ord",
 "surge-constants",
 "surge-filter",
 "surge-math",
 "surge-qfunit",
 "surge-samplerate",
 "surge-tables",
 "surge-tuning",
 "surge-types",
]

[[package]]
name = "surgefilter-svf"
version = "0.1.2-alpha.0"
dependencies = [
 "derivative",
 "enhanced_enum",
 "float-ord",
 "surge-coeffmaker",
 "surge-constants",
 "surge-filter",
 "surge-math",
 "surge-qfunit",
 "surge-samplerate",
 "surge-tables",
 "surge-tuning",
 "surge-types",
]

[[package]]
name = "surgefx"
version = "0.1.2-alpha.0"
dependencies = [
 "enum_dispatch",
 "surge-traits",
 "surgefx-allpass",
 "surgefx-chorus",
 "surgefx-conditioner",
 "surgefx-distortion",
 "surgefx-dualdelay",
 "surgefx-emphasize",
 "surgefx-eq3band",
 "surgefx-flanger",
 "surgefx-freqshift",
 "surgefx-phaser",
 "surgefx-reverb",
 "surgefx-ringmod",
 "surgefx-rotary",
 "surgefx-vocoder",
]

[[package]]
name = "surgefx-allpass"
version = "0.1.2-alpha.0"
dependencies = [
 "enhanced_enum",
 "getset",
 "num-traits",
 "paste",
 "surge-constants",
 "surge-lipol",
 "surge-macros",
 "surge-math",
 "surge-param",
 "surge-quadrosc",
 "surge-samplerate",
 "surge-traits",
 "surge-types",
]

[[package]]
name = "surgefx-chorus"
version = "0.1.2-alpha.0"
dependencies = [
 "enhanced_enum",
 "paste",
 "surge-biquad",
 "surge-constants",
 "surge-halfrate",
 "surge-lag",
 "surge-lipol",
 "surge-macros",
 "surge-math",
 "surge-param",
 "surge-quadrosc",
 "surge-samplerate",
 "surge-tables",
 "surge-timeunit",
 "surge-traits",
 "surge-tuning",
 "surge-types",
]

[[package]]
name = "surgefx-conditioner"
version = "0.1.2-alpha.0"
dependencies = [
 "enhanced_enum",
 "paste",
 "surge-biquad",
 "surge-constants",
 "surge-lipol",
 "surge-macros",
 "surge-math",
 "surge-param",
 "surge-quadrosc",
 "surge-samplerate",
 "surge-tables",
 "surge-traits",
 "surge-tuning",
 "surge-types",
]

[[package]]
name = "surgefx-distortion"
version = "0.1.2-alpha.0"
dependencies = [
 "enhanced_enum",
 "paste",
 "surge-biquad",
 "surge-constants",
 "surge-halfrate",
 "surge-lipol",
 "surge-macros",
 "surge-math",
 "surge-param",
 "surge-quadrosc",
 "surge-samplerate",
 "surge-tables",
 "surge-timeunit",
 "surge-traits",
 "surge-tuning",
 "surge-types",
]

[[package]]
name = "surgefx-dualdelay"
version = "0.1.2-alpha.0"
dependencies = [
 "enhanced_enum",
 "ndarray",
 "paste",
 "surge-biquad",
 "surge-constants",
 "surge-halfrate",
 "surge-lag",
 "surge-lipol",
 "surge-macros",
 "surge-math",
 "surge-param",
 "surge-quadrosc",
 "surge-samplerate",
 "surge-tables",
 "surge-timeunit",
 "surge-traits",
 "surge-tuning",
 "surge-types",
]

[[package]]
name = "surgefx-emphasize"
version = "0.1.2-alpha.0"
dependencies = [
 "enhanced_enum",
 "paste",
 "surge-biquad",
 "surge-constants",
 "surge-halfrate",
 "surge-lipol",
 "surge-macros",
 "surge-math",
 "surge-param",
 "surge-samplerate",
 "surge-tables",
 "surge-traits",
 "surge-tuning",
 "surge-types",
]

[[package]]
name = "surgefx-eq3band"
version = "0.1.2-alpha.0"
dependencies = [
 "enhanced_enum",
 "paste",
 "surge-biquad",
 "surge-constants",
 "surge-lipol",
 "surge-macros",
 "surge-math",
 "surge-param",
 "surge-samplerate",
 "surge-tables",
 "surge-traits",
 "surge-tuning",
 "surge-types",
]

[[package]]
name = "surgefx-flanger"
version = "0.1.2-alpha.0"
dependencies = [
 "enhanced_enum",
 "paste",
 "surge-biquad",
 "surge-constants",
 "surge-halfrate",
 "surge-lag",
 "surge-lipol",
 "surge-macros",
 "surge-math",
 "surge-param",
 "surge-quadrosc",
 "surge-samplerate",
 "surge-tables",
 "surge-timeunit",
 "surge-traits",
 "surge-tuning",
 "surge-types",
]

[[package]]
name = "surgefx-freqshift"
version = "0.1.2-alpha.0"
dependencies = [
 "enhanced_enum",
 "paste",
 "surge-constants",
 "surge-halfrate",
 "surge-lag",
 "surge-lipol",
 "surge-macros",
 "surge-math",
 "surge-param",
 "surge-quadrosc",
 "surge-samplerate",
 "surge-tables",
 "surge-timeunit",
 "surge-traits",
 "surge-tuning",
 "surge-types",
]

[[package]]
name = "surgefx-phaser"
version = "0.1.2-alpha.0"
dependencies = [
 "enhanced_enum",
 "paste",
 "surge-biquad",
 "surge-constants",
 "surge-lipol",
 "surge-macros",
 "surge-math",
 "surge-param",
 "surge-samplerate",
 "surge-tables",
 "surge-timeunit",
 "surge-traits",
 "surge-tuning",
 "surge-types",
]

[[package]]
name = "surgefx-reverb"
version = "0.1.2-alpha.0"
dependencies = [
 "enhanced_enum",
 "ndarray",
 "num-traits",
 "paste",
 "surge-biquad",
 "surge-constants",
 "surge-lipol",
 "surge-macros",
 "surge-math",
 "surge-param",
 "surge-samplerate",
 "surge-tables",
 "surge-timeunit",
 "surge-traits",
 "surge-tuning",
 "surge-types",
]

[[package]]
name = "surgefx-ringmod"
version = "0.1.2-alpha.0"
dependencies = [
 "enhanced_enum",
 "float-ord",
 "paste",
 "surge-biquad",
 "surge-constants",
 "surge-halfrate",
 "surge-lipol",
 "surge-macros",
 "surge-math",
 "surge-param",
 "surge-samplerate",
 "surge-tables",
 "surge-timeunit",
 "surge-traits",
 "surge-tuning",
 "surge-types",
 "surgeosc-sine",
]

[[package]]
name = "surgefx-rotary"
version = "0.1.2-alpha.0"
dependencies = [
 "enhanced_enum",
 "paste",
 "surge-biquad",
 "surge-constants",
 "surge-lipol",
 "surge-macros",
 "surge-math",
 "surge-param",
 "surge-quadrosc",
 "surge-samplerate",
 "surge-tables",
 "surge-timeunit",
 "surge-traits",
 "surge-tuning",
 "surge-types",
]

[[package]]
name = "surgefx-vocoder"
version = "0.1.2-alpha.0"
dependencies = [
 "enhanced_enum",
 "paste",
 "surge-biquad",
 "surge-constants",
 "surge-input",
 "surge-lipol",
 "surge-macros",
 "surge-math",
 "surge-param",
 "surge-quadrosc",
 "surge-samplerate",
 "surge-svf",
 "surge-tables",
 "surge-timeunit",
 "surge-traits",
 "surge-tuning",
 "surge-types",
]

[[package]]
name = "surgeosc-audioin"
version = "0.1.2-alpha.0"
dependencies = [
 "enhanced_enum",
 "paste",
 "surge-constants",
 "surge-input",
 "surge-macros",
 "surge-math",
 "surge-param",
 "surge-tables",
 "surge-traits",
 "surge-types",
]

[[package]]
name = "surgeosc-fm"
version = "0.1.2-alpha.0"
dependencies = [
 "enhanced_enum",
 "paste",
 "surge-constants",
 "surge-input",
 "surge-lag",
 "surge-macros",
 "surge-math",
 "surge-param",
 "surge-quadrosc",
 "surge-tables",
 "surge-traits",
 "surge-tuning",
 "surge-types",
]

[[package]]
name = "surgeosc-fm2"
version = "0.1.2-alpha.0"
dependencies = [
 "enhanced_enum",
 "paste",
 "surge-constants",
 "surge-input",
 "surge-lag",
 "surge-macros",
 "surge-math",
 "surge-param",
 "surge-quadrosc",
 "surge-samplerate",
 "surge-tables",
 "surge-traits",
 "surge-tuning",
 "surge-types",
]

[[package]]
name = "surgeosc-sine"
version = "0.1.2-alpha.0"
dependencies = [
 "enhanced_enum",
 "paste",
 "surge-constants",
 "surge-input",
 "surge-lag",
 "surge-macros",
 "surge-math",
 "surge-param",
 "surge-quadrosc",
 "surge-samplerate",
 "surge-tables",
 "surge-traits",
 "surge-tuning",
 "surge-types",
]

[[package]]
name = "surgeosc-snh"
version = "0.1.2-alpha.0"
dependencies = [
 "enhanced_enum",
 "paste",
 "surge-blitter",
 "surge-constants",
 "surge-lag",
 "surge-lipol",
 "surge-macros",
 "surge-math",
 "surge-param",
 "surge-quadrosc",
 "surge-samplerate",
 "surge-tables",
 "surge-traits",
 "surge-tuning",
 "surge-types",
]

[[package]]
name = "surgeosc-super"
version = "0.1.2-alpha.0"
dependencies = [
 "enhanced_enum",
 "paste",
 "surge-blitter",
 "surge-constants",
 "surge-lag",
 "surge-lipol",
 "surge-macros",
 "surge-math",
 "surge-param",
 "surge-samplerate",
 "surge-tables",
 "surge-traits",
 "surge-tuning",
 "surge-types",
]

[[package]]
name = "surgeosc-wavetable"
version = "0.1.8-alpha.0"
dependencies = [
 "enhanced_enum",
 "paste",
 "surge-blitter",
 "surge-constants",
 "surge-lag",
 "surge-lipol",
 "surge-macros",
 "surge-math",
 "surge-param",
 "surge-samplerate",
 "surge-tables",
 "surge-traits",
 "surge-tuning",
 "surge-types",
 "surge-wavetable",
]

[[package]]
name = "surgeosc-window"
version = "0.1.8-alpha.0"
dependencies = [
 "enhanced_enum",
 "ndarray",
 "num-traits",
 "paste",
 "surge-blitter",
 "surge-constants",
 "surge-lag",
 "surge-lipol",
 "surge-macros",
 "surge-math",
 "surge-param",
 "surge-samplerate",
 "surge-tables",
 "surge-traits",
 "surge-tuning",
 "surge-types",
 "surge-wavetable",
]

[[package]]
name = "surgeshaper-asym"
version = "0.1.2-alpha.0"
dependencies = [
 "surge-filter",
 "surge-math",
 "surge-samplerate",
 "surge-tables",
]

[[package]]
name = "surgeshaper-clip"
version = "0.1.2-alpha.0"
dependencies = [
 "surge-filter",
 "surge-math",
]

[[package]]
name = "surgeshaper-digi"
version = "0.1.2-alpha.0"
dependencies = [
 "surge-filter",
 "surge-math",
]

[[package]]
name = "surgeshaper-sine"
version = "0.1.2-alpha.0"
dependencies = [
 "derivative",
 "enhanced_enum",
 "float-ord",
 "surge-filter",
 "surge-math",
 "surge-samplerate",
 "surge-tables",
]

[[package]]
name = "surgeshaper-tanh"
version = "0.1.2-alpha.0"
dependencies = [
 "surge-filter",
 "surge-math",
]

[[package]]
name = "syn"
version = "1.0.80"
source = "registry+https://github.com/rust-lang/crates.io-index"
checksum = "d010a1623fbd906d51d650a9916aaefc05ffa0e4053ff7fe601167f3e715d194"
dependencies = [
 "proc-macro2",
 "quote",
 "unicode-xid",
]

[[package]]
name = "thiserror"
version = "1.0.30"
source = "registry+https://github.com/rust-lang/crates.io-index"
checksum = "854babe52e4df1653706b98fcfc05843010039b406875930a70e4d9644e5c417"
dependencies = [
 "thiserror-impl",
]

[[package]]
name = "thiserror-impl"
version = "1.0.30"
source = "registry+https://github.com/rust-lang/crates.io-index"
checksum = "aa32fd3f627f367fe16f893e2597ae3c05020f8bba2666a4e6ea73d377e5714b"
dependencies = [
 "proc-macro2",
 "quote",
 "syn",
]

[[package]]
name = "ucd-trie"
version = "0.1.3"
source = "registry+https://github.com/rust-lang/crates.io-index"
checksum = "56dee185309b50d1f11bfedef0fe6d036842e3fb77413abef29f8f8d1c5d4c1c"

[[package]]
name = "unicode-xid"
version = "0.2.2"
source = "registry+https://github.com/rust-lang/crates.io-index"
checksum = "8ccb82d61f80a663efe1f787a51b16b5a51e3314d6ac365b08639f52387b33f3"

[[package]]
name = "unindent"
version = "0.1.7"
source = "registry+https://github.com/rust-lang/crates.io-index"
checksum = "f14ee04d9415b52b3aeab06258a3f07093182b88ba0f9b8d203f211a7a7d41c7"

[[package]]
name = "uuid"
version = "0.8.2"
source = "registry+https://github.com/rust-lang/crates.io-index"
checksum = "bc5cf98d8186244414c848017f0e2676b3fcb46807f6668a97dfe67359a3c4b7"
dependencies = [
 "getrandom",
 "serde",
]

[[package]]
name = "vcpkg"
version = "0.2.15"
source = "registry+https://github.com/rust-lang/crates.io-index"
checksum = "accd4ea62f7bb7a82fe23066fb0957d48ef677f6eeb8215f372f52e48bb32426"

[[package]]
name = "version_check"
version = "0.9.3"
source = "registry+https://github.com/rust-lang/crates.io-index"
checksum = "5fecdca9a5291cc2b8dcf7dc02453fee791a280f3743cb0905f8822ae463b3fe"

[[package]]
name = "vst"
version = "0.2.1"
source = "registry+https://github.com/rust-lang/crates.io-index"
checksum = "1dfeaf21be445e1d9edf37bdedbf7ec24b43ed84ace6295cba3e0d01c1a49a27"
dependencies = [
 "bitflags 1.3.2",
 "libc",
 "libloading 0.5.2",
 "log",
 "num-traits",
]

[[package]]
name = "wasi"
version = "0.10.2+wasi-snapshot-preview1"
source = "registry+https://github.com/rust-lang/crates.io-index"
checksum = "fd6fbd9a79829dd1ad0cc20627bf1ed606756a7f77edff7b66b7064f9cb327c6"

[[package]]
name = "winapi"
version = "0.2.8"
source = "registry+https://github.com/rust-lang/crates.io-index"
checksum = "167dc9d6949a9b857f3451275e911c3f44255842c1f7a76f33c55103a909087a"

[[package]]
name = "winapi"
version = "0.3.9"
source = "registry+https://github.com/rust-lang/crates.io-index"
checksum = "5c839a674fcd7a98952e593242ea400abe93992746761e38641405d28b00f419"
dependencies = [
 "winapi-i686-pc-windows-gnu",
 "winapi-x86_64-pc-windows-gnu",
]

[[package]]
name = "winapi-build"
version = "0.1.1"
source = "registry+https://github.com/rust-lang/crates.io-index"
checksum = "2d315eee3b34aca4797b2da6b13ed88266e6d612562a0c46390af8299fc699bc"

[[package]]
name = "winapi-i686-pc-windows-gnu"
version = "0.4.0"
source = "registry+https://github.com/rust-lang/crates.io-index"
checksum = "ac3b87c63620426dd9b991e5ce0329eff545bccbbb34f3be09ff6fb6ab51b7b6"

[[package]]
name = "winapi-x86_64-pc-windows-gnu"
version = "0.4.0"
source = "registry+https://github.com/rust-lang/crates.io-index"
checksum = "712e227841d057c1ee1cd2fb22fa7e5a5461ae8e48fa2ca79ec42cfc1931183f"

[[package]]
name = "xml-rs"
version = "0.8.4"
source = "registry+https://github.com/rust-lang/crates.io-index"
checksum = "d2d7d3948613f75c98fd9328cfdcc45acc4d360655289d0a7d4ec931392200a3"
